
Microsoft Visual Studio Solution File, Format Version 12.00
Project("{FAE04EC0-301F-11D3-BF4B-00C04F79EFBC}") = "SimpleCalculatorApp2", "SimpleCalculatorApp2\SimpleCalculatorApp2.csproj", "{407017D2-C90D-42AB-BADD-822E8E2F827E}"
EndProject
Project("{FAE04EC0-301F-11D3-BF4B-00C04F79EFBC}") = "SimpleCalculatorApp2.Tests", "SimpleCalculatorApp2.Tests\SimpleCalculatorApp2.Tests.csproj", "{16815106-01A0-4196-B9AE-6666FBC277EE}"
EndProject
Global
	GlobalSection(SolutionConfigurationPlatforms) = preSolution
		Debug|Any CPU = Debug|Any CPU
		Release|Any CPU = Release|Any CPU
	EndGlobalSection
	GlobalSection(ProjectConfigurationPlatforms) = postSolution
		{407017D2-C90D-42AB-BADD-822E8E2F827E}.Debug|Any CPU.ActiveCfg = Debug|Any CPU
		{407017D2-C90D-42AB-BADD-822E8E2F827E}.Debug|Any CPU.Build.0 = Debug|Any CPU
		{407017D2-C90D-42AB-BADD-822E8E2F827E}.Release|Any CPU.ActiveCfg = Release|Any CPU
		{407017D2-C90D-42AB-BADD-822E8E2F827E}.Release|Any CPU.Build.0 = Release|Any CPU
		{16815106-01A0-4196-B9AE-6666FBC277EE}.Debug|Any CPU.ActiveCfg = Debug|Any CPU
		{16815106-01A0-4196-B9AE-6666FBC277EE}.Debug|Any CPU.Build.0 = Debug|Any CPU
		{16815106-01A0-4196-B9AE-6666FBC277EE}.Release|Any CPU.ActiveCfg = Release|Any CPU
		{16815106-01A0-4196-B9AE-6666FBC277EE}.Release|Any CPU.Build.0 = Release|Any CPU
	EndGlobalSection
EndGlobal
